# Sibling source pins for clean-context builds.
#
# The Task workspace has hard `path = "../..."` dependencies on sibling
# repos (see the root Cargo.toml's [workspace.dependencies] + [patch]
# sections). A checkout of Task alone CANNOT build `task-server` or the
# web bundle — the siblings must sit next to the repo in this layout:
#
#   <root>/Task                                (this repo)
#   <root>/Editor
#   <root>/architect
#   <root>/FastTrackStudio/fts-ui
#   <root>/FastTrackStudio/keyflow
#   <root>/FastTrackStudio/input_actions
#   <root>/FastTrackStudio/daw
#
# `siblings.sh` consumes this file. Columns (whitespace-separated):
#   <dest-path-relative-to-root>  <clone-url>  <commit-sha>
#
# Maintenance: when you bump a sibling (new commits in ../Editor etc.),
# push the sibling branch FIRST, then update the sha here. A sha that
# only exists in your local checkout builds locally (siblings.sh prefers
# local checkouts) but breaks CI and self-hosters.
#
# All pins below are published and clone-able (2026-06-12).
Editor                          https://codeberg.org/FastTrackStudios/Editor.git           413b08fb42c1a97b27bdd6488542a660718f3cce
architect                       https://codeberg.org/FastTrackStudios/architect.git        012ad9b2535c7821d28d0bae8064c563af156be3
FastTrackStudio/fts-ui          https://codeberg.org/FastTrackStudios/fts-ui.git             1c62b19e95577f95d810f0285fec9753d837e16b
FastTrackStudio/keyflow         https://codeberg.org/FastTrackStudios/keyflow.git           b45a62025d4369381d43ceaac074916966bd3cc2
FastTrackStudio/input_actions   https://codeberg.org/FastTrackStudios/input_actions.git      4e7f9ebf971ca4cd285466ca15ad95a54d4ef916
FastTrackStudio/daw             https://codeberg.org/FastTrackStudios/daw.git                263b546e26052306c1af37ad2265fbcd04c6cbfa
